dependencies:
- name: azure-identity
  repository: cm://app.plural.sh/cm/bootstrap
  version: 0.1.13
- name: bootstrap
  repository: cm://app.plural.sh/cm/bootstrap
  version: 0.8.42
- name: plural-certmanager-webhook
  repository: cm://app.plural.sh/cm/bootstrap
  version: 0.1.4
digest: sha256:4aadb5ac9d9a21e32f7cbc5e3a8cd3687dbc3b834e11dde431fa149993acf9c8
generated: "2022-05-14T18:01:51.607927776-07:00"
